
Microsoft Visual Studio Solution File, Format Version 12.00
# Visual Studio Version 17
VisualStudioVersion = 17.14.36705.20 d17.14
MinimumVisualStudioVersion = 10.0.40219.1
Project("{FAE04EC0-301F-11D3-BF4B-00C04F79EFBC}") = "ChatTest", "ChatTest\ChatTest.csproj", "{EF383367-0025-48AE-93F4-9F9E12FB6E64}"
EndProject
Global
	GlobalSection(SolutionConfigurationPlatforms) = preSolution
		Debug|Any CPU = Debug|Any CPU
		Release|Any CPU = Release|Any CPU
	EndGlobalSection
	GlobalSection(ProjectConfigurationPlatforms) = postSolution
		{EF383367-0025-48AE-93F4-9F9E12FB6E64}.Debug|Any CPU.ActiveCfg = Debug|Any CPU
		{EF383367-0025-48AE-93F4-9F9E12FB6E64}.Debug|Any CPU.Build.0 = Debug|Any CPU
		{EF383367-0025-48AE-93F4-9F9E12FB6E64}.Release|Any CPU.ActiveCfg = Release|Any CPU
		{EF383367-0025-48AE-93F4-9F9E12FB6E64}.Release|Any CPU.Build.0 = Release|Any CPU
	EndGlobalSection
	GlobalSection(SolutionProperties) = preSolution
		HideSolutionNode = FALSE
	EndGlobalSection
	GlobalSection(ExtensibilityGlobals) = postSolution
		SolutionGuid = {63501F6B-933C-4850-8099-EA587744C7EE}
	EndGlobalSection
EndGlobal
